
Microsoft Visual Studio Solution File, Format Version 12.00
# Visual Studio Version 16
VisualStudioVersion = 16.0.29215.179
MinimumVisualStudioVersion = 10.0.40219.1
Project("{8BC9CEB8-8B4A-11D0-8D11-00A0C91BC942}") = "Soluer", "Soluer\Soluer.vcxproj", "{932D19CC-A0AB-405F-AC43-0C93EC456D79}"
EndProject
Global
	GlobalSection(SolutionConfigurationPlatforms) = preSolution
		Debug|x64 = Debug|x64
		Debug|x86 = Debug|x86
		Release|x64 = Release|x64
		Release|x86 = Release|x86
	EndGlobalSection
	GlobalSection(ProjectConfigurationPlatforms) = postSolution
		{932D19CC-A0AB-405F-AC43-0C93EC456D79}.Debug|x64.ActiveCfg = Debug|x64
		{932D19CC-A0AB-405F-AC43-0C93EC456D79}.Debug|x64.Build.0 = Debug|x64
		{932D19CC-A0AB-405F-AC43-0C93EC456D79}.Debug|x86.ActiveCfg = Debug|Win32
		{932D19CC-A0AB-405F-AC43-0C93EC456D79}.Debug|x86.Build.0 = Debug|Win32
		{932D19CC-A0AB-405F-AC43-0C93EC456D79}.Release|x64.ActiveCfg = Release|x64
		{932D19CC-A0AB-405F-AC43-0C93EC456D79}.Release|x64.Build.0 = Release|x64
		{932D19CC-A0AB-405F-AC43-0C93EC456D79}.Release|x86.ActiveCfg = Release|Win32
		{932D19CC-A0AB-405F-AC43-0C93EC456D79}.Release|x86.Build.0 = Release|Win32
	EndGlobalSection
	GlobalSection(SolutionProperties) = preSolution
		HideSolutionNode = FALSE
	EndGlobalSection
	GlobalSection(ExtensibilityGlobals) = postSolution
		SolutionGuid = {76A66F91-AABA-422F-8EA7-301D2BB64F3D}
	EndGlobalSection
EndGlobal
